
Microsoft Visual Studio Solution File, Format Version 12.00
# Visual Studio Version 17
VisualStudioVersion = 17.14.36109.1
MinimumVisualStudioVersion = 10.0.40219.1
Project("{FAE04EC0-301F-11D3-BF4B-00C04F79EFBC}") = "ConsoleApp1", "ConsoleApp1\ConsoleApp1.csproj", "{7470A050-3B33-41F8-9A91-CD1895A035A5}"
EndProject
Project("{FAE04EC0-301F-11D3-BF4B-00C04F79EFBC}") = "ConsoleApp2", "ConsoleApp2\ConsoleApp2.csproj", "{98689E93-7991-42F8-BAB2-BEA1A3099C04}"
EndProject
Project("{FAE04EC0-301F-11D3-BF4B-00C04F79EFBC}") = "DemohttpClient", "DemohttpClient\DemohttpClient.csproj", "{5D952634-95E1-46C1-87FA-D6F986194EDB}"
EndProject
Project("{FAE04EC0-301F-11D3-BF4B-00C04F79EFBC}") = "ConsoleApp3", "ConsoleApp3\ConsoleApp3.csproj", "{67A1E0AA-A84D-4D52-A1F4-A7E4F43172A6}"
EndProject
Project("{FAE04EC0-301F-11D3-BF4B-00C04F79EFBC}") = "ServerApp", "ServerApp\ServerApp.csproj", "{5C804444-7306-4C06-B069-53F81B6943BF}"
EndProject
Project("{FAE04EC0-301F-11D3-BF4B-00C04F79EFBC}") = "ClientApp", "ClientApp\ClientApp.csproj", "{536C3EFA-B3CA-4F21-8025-0585DCE5C7BE}"
EndProject
Project("{FAE04EC0-301F-11D3-BF4B-00C04F79EFBC}") = "UDPServerApp", "UDPServerApp\UDPServerApp.csproj", "{BF7BEEC7-C922-4D29-9013-0FC425F12CEA}"
EndProject
Project("{FAE04EC0-301F-11D3-BF4B-00C04F79EFBC}") = "UDPClientApp", "UDPClientApp\UDPClientApp.csproj", "{37E8F518-CACD-488B-B858-9FD3E193E86A}"
EndProject
Project("{FAE04EC0-301F-11D3-BF4B-00C04F79EFBC}") = "Demonstration", "Demonstration\Demonstration.csproj", "{4CBCD2F1-DD9D-4903-ADB4-1A2C360A35C7}"
EndProject
Project("{FAE04EC0-301F-11D3-BF4B-00C04F79EFBC}") = "Demonstrate01", "Demonstrate01\Demonstrate01.csproj", "{97F5FD95-3856-47AE-B469-49BDCD4CFB88}"
EndProject
Project("{FAE04EC0-301F-11D3-BF4B-00C04F79EFBC}") = "Demonstrate02", "Demonstrate02\Demonstrate02.csproj", "{D7F4F0A8-2DB1-4CEA-ACCB-365F15786159}"
EndProject
Project("{FAE04EC0-301F-11D3-BF4B-00C04F79EFBC}") = "Demonstrate03", "Demonstrate03\Demonstrate03.csproj", "{FAEF3173-B1F7-4725-A39C-C9E38247665A}"
EndProject
Project("{FAE04EC0-301F-11D3-BF4B-00C04F79EFBC}") = "Task Demonstration - 01", "Task Demonstration - 01\Task Demonstration - 01.csproj", "{4E409A64-BDEC-4A63-A48A-0EC833F24AB6}"
EndProject
Project("{FAE04EC0-301F-11D3-BF4B-00C04F79EFBC}") = "Task Demonstration - 02", "Task Demonstration - 02\Task Demonstration - 02.csproj", "{252EA6BC-0B4C-4CB6-A6F7-225A3E9D1F6F}"
EndProject
Project("{FAE04EC0-301F-11D3-BF4B-00C04F79EFBC}") = "Task Demonstration - 03", "Task Demonstration - 03\Task Demonstration - 03.csproj", "{8973AF7A-5FFB-4E9A-9B20-28A4054F4731}"
EndProject
Project("{FAE04EC0-301F-11D3-BF4B-00C04F79EFBC}") = "Task Demonstration - 04", "Task Demonstration - 04\Task Demonstration - 04.csproj", "{5D309FCF-4B37-45E7-A185-3E233464EC92}"
EndProject
Project("{FAE04EC0-301F-11D3-BF4B-00C04F79EFBC}") = "PLINQ Demonstration - 01", "PLINQ Demonstration - 01\PLINQ Demonstration - 01.csproj", "{FD530739-79EE-4A7C-BD3E-2E8FCCFD458A}"
EndProject
Project("{FAE04EC0-301F-11D3-BF4B-00C04F79EFBC}") = "PLINQ Demonstration - 02", "PLINQ Demonstration - 02\PLINQ Demonstration - 02.csproj", "{3CDEAE9A-99DC-43AB-B6D1-2C4BBA2A38AD}"
EndProject
Project("{FAE04EC0-301F-11D3-BF4B-00C04F79EFBC}") = "Asynchronous Demonstration - 01", "Asynchronous Demonstration - 01\Asynchronous Demonstration - 01.csproj", "{44A46092-5CD5-40A5-968A-32F611CF2342}"
EndProject
Project("{FAE04EC0-301F-11D3-BF4B-00C04F79EFBC}") = "Asynchronous Demonstration - 02", "Asynchronous Demonstration - 02\Asynchronous Demonstration - 02.csproj", "{5A00FEF3-FDF3-4699-88D0-CB23465A7AE1}"
EndProject
Project("{FAE04EC0-301F-11D3-BF4B-00C04F79EFBC}") = "AsyncExample", "AsyncExample\AsyncExample\AsyncExample.csproj", "{62951836-AD21-4FD5-A546-8CA43D86C193}"
EndProject
Global
	GlobalSection(SolutionConfigurationPlatforms) = preSolution
		Debug|Any CPU = Debug|Any CPU
		Release|Any CPU = Release|Any CPU
	EndGlobalSection
	GlobalSection(ProjectConfigurationPlatforms) = postSolution
		{7470A050-3B33-41F8-9A91-CD1895A035A5}.Debug|Any CPU.ActiveCfg = Debug|Any CPU
		{7470A050-3B33-41F8-9A91-CD1895A035A5}.Debug|Any CPU.Build.0 = Debug|Any CPU
		{7470A050-3B33-41F8-9A91-CD1895A035A5}.Release|Any CPU.ActiveCfg = Release|Any CPU
		{7470A050-3B33-41F8-9A91-CD1895A035A5}.Release|Any CPU.Build.0 = Release|Any CPU
		{98689E93-7991-42F8-BAB2-BEA1A3099C04}.Debug|Any CPU.ActiveCfg = Debug|Any CPU
		{98689E93-7991-42F8-BAB2-BEA1A3099C04}.Debug|Any CPU.Build.0 = Debug|Any CPU
		{98689E93-7991-42F8-BAB2-BEA1A3099C04}.Release|Any CPU.ActiveCfg = Release|Any CPU
		{98689E93-7991-42F8-BAB2-BEA1A3099C04}.Release|Any CPU.Build.0 = Release|Any CPU
		{5D952634-95E1-46C1-87FA-D6F986194EDB}.Debug|Any CPU.ActiveCfg = Debug|Any CPU
		{5D952634-95E1-46C1-87FA-D6F986194EDB}.Debug|Any CPU.Build.0 = Debug|Any CPU
		{5D952634-95E1-46C1-87FA-D6F986194EDB}.Release|Any CPU.ActiveCfg = Release|Any CPU
		{5D952634-95E1-46C1-87FA-D6F986194EDB}.Release|Any CPU.Build.0 = Release|Any CPU
		{67A1E0AA-A84D-4D52-A1F4-A7E4F43172A6}.Debug|Any CPU.ActiveCfg = Debug|Any CPU
		{67A1E0AA-A84D-4D52-A1F4-A7E4F43172A6}.Debug|Any CPU.Build.0 = Debug|Any CPU
		{67A1E0AA-A84D-4D52-A1F4-A7E4F43172A6}.Release|Any CPU.ActiveCfg = Release|Any CPU
		{67A1E0AA-A84D-4D52-A1F4-A7E4F43172A6}.Release|Any CPU.Build.0 = Release|Any CPU
		{5C804444-7306-4C06-B069-53F81B6943BF}.Debug|Any CPU.ActiveCfg = Debug|Any CPU
		{5C804444-7306-4C06-B069-53F81B6943BF}.Debug|Any CPU.Build.0 = Debug|Any CPU
		{5C804444-7306-4C06-B069-53F81B6943BF}.Release|Any CPU.ActiveCfg = Release|Any CPU
		{5C804444-7306-4C06-B069-53F81B6943BF}.Release|Any CPU.Build.0 = Release|Any CPU
		{536C3EFA-B3CA-4F21-8025-0585DCE5C7BE}.Debug|Any CPU.ActiveCfg = Debug|Any CPU
		{536C3EFA-B3CA-4F21-8025-0585DCE5C7BE}.Debug|Any CPU.Build.0 = Debug|Any CPU
		{536C3EFA-B3CA-4F21-8025-0585DCE5C7BE}.Release|Any CPU.ActiveCfg = Release|Any CPU
		{536C3EFA-B3CA-4F21-8025-0585DCE5C7BE}.Release|Any CPU.Build.0 = Release|Any CPU
		{BF7BEEC7-C922-4D29-9013-0FC425F12CEA}.Debug|Any CPU.ActiveCfg = Debug|Any CPU
		{BF7BEEC7-C922-4D29-9013-0FC425F12CEA}.Debug|Any CPU.Build.0 = Debug|Any CPU
		{BF7BEEC7-C922-4D29-9013-0FC425F12CEA}.Release|Any CPU.ActiveCfg = Release|Any CPU
		{BF7BEEC7-C922-4D29-9013-0FC425F12CEA}.Release|Any CPU.Build.0 = Release|Any CPU
		{37E8F518-CACD-488B-B858-9FD3E193E86A}.Debug|Any CPU.ActiveCfg = Debug|Any CPU
		{37E8F518-CACD-488B-B858-9FD3E193E86A}.Debug|Any CPU.Build.0 = Debug|Any CPU
		{37E8F518-CACD-488B-B858-9FD3E193E86A}.Release|Any CPU.ActiveCfg = Release|Any CPU
		{37E8F518-CACD-488B-B858-9FD3E193E86A}.Release|Any CPU.Build.0 = Release|Any CPU
		{4CBCD2F1-DD9D-4903-ADB4-1A2C360A35C7}.Debug|Any CPU.ActiveCfg = Debug|Any CPU
		{4CBCD2F1-DD9D-4903-ADB4-1A2C360A35C7}.Debug|Any CPU.Build.0 = Debug|Any CPU
		{4CBCD2F1-DD9D-4903-ADB4-1A2C360A35C7}.Release|Any CPU.ActiveCfg = Release|Any CPU
		{4CBCD2F1-DD9D-4903-ADB4-1A2C360A35C7}.Release|Any CPU.Build.0 = Release|Any CPU
		{97F5FD95-3856-47AE-B469-49BDCD4CFB88}.Debug|Any CPU.ActiveCfg = Debug|Any CPU
		{97F5FD95-3856-47AE-B469-49BDCD4CFB88}.Debug|Any CPU.Build.0 = Debug|Any CPU
		{97F5FD95-3856-47AE-B469-49BDCD4CFB88}.Release|Any CPU.ActiveCfg = Release|Any CPU
		{97F5FD95-3856-47AE-B469-49BDCD4CFB88}.Release|Any CPU.Build.0 = Release|Any CPU
		{D7F4F0A8-2DB1-4CEA-ACCB-365F15786159}.Debug|Any CPU.ActiveCfg = Debug|Any CPU
		{D7F4F0A8-2DB1-4CEA-ACCB-365F15786159}.Debug|Any CPU.Build.0 = Debug|Any CPU
		{D7F4F0A8-2DB1-4CEA-ACCB-365F15786159}.Release|Any CPU.ActiveCfg = Release|Any CPU
		{D7F4F0A8-2DB1-4CEA-ACCB-365F15786159}.Release|Any CPU.Build.0 = Release|Any CPU
		{FAEF3173-B1F7-4725-A39C-C9E38247665A}.Debug|Any CPU.ActiveCfg = Debug|Any CPU
		{FAEF3173-B1F7-4725-A39C-C9E38247665A}.Debug|Any CPU.Build.0 = Debug|Any CPU
		{FAEF3173-B1F7-4725-A39C-C9E38247665A}.Release|Any CPU.ActiveCfg = Release|Any CPU
		{FAEF3173-B1F7-4725-A39C-C9E38247665A}.Release|Any CPU.Build.0 = Release|Any CPU
		{4E409A64-BDEC-4A63-A48A-0EC833F24AB6}.Debug|Any CPU.ActiveCfg = Debug|Any CPU
		{4E409A64-BDEC-4A63-A48A-0EC833F24AB6}.Debug|Any CPU.Build.0 = Debug|Any CPU
		{4E409A64-BDEC-4A63-A48A-0EC833F24AB6}.Release|Any CPU.ActiveCfg = Release|Any CPU
		{4E409A64-BDEC-4A63-A48A-0EC833F24AB6}.Release|Any CPU.Build.0 = Release|Any CPU
		{252EA6BC-0B4C-4CB6-A6F7-225A3E9D1F6F}.Debug|Any CPU.ActiveCfg = Debug|Any CPU
		{252EA6BC-0B4C-4CB6-A6F7-225A3E9D1F6F}.Debug|Any CPU.Build.0 = Debug|Any CPU
		{252EA6BC-0B4C-4CB6-A6F7-225A3E9D1F6F}.Release|Any CPU.ActiveCfg = Release|Any CPU
		{252EA6BC-0B4C-4CB6-A6F7-225A3E9D1F6F}.Release|Any CPU.Build.0 = Release|Any CPU
		{8973AF7A-5FFB-4E9A-9B20-28A4054F4731}.Debug|Any CPU.ActiveCfg = Debug|Any CPU
		{8973AF7A-5FFB-4E9A-9B20-28A4054F4731}.Debug|Any CPU.Build.0 = Debug|Any CPU
		{8973AF7A-5FFB-4E9A-9B20-28A4054F4731}.Release|Any CPU.ActiveCfg = Release|Any CPU
		{8973AF7A-5FFB-4E9A-9B20-28A4054F4731}.Release|Any CPU.Build.0 = Release|Any CPU
		{5D309FCF-4B37-45E7-A185-3E233464EC92}.Debug|Any CPU.ActiveCfg = Debug|Any CPU
		{5D309FCF-4B37-45E7-A185-3E233464EC92}.Debug|Any CPU.Build.0 = Debug|Any CPU
		{5D309FCF-4B37-45E7-A185-3E233464EC92}.Release|Any CPU.ActiveCfg = Release|Any CPU
		{5D309FCF-4B37-45E7-A185-3E233464EC92}.Release|Any CPU.Build.0 = Release|Any CPU
		{FD530739-79EE-4A7C-BD3E-2E8FCCFD458A}.Debug|Any CPU.ActiveCfg = Debug|Any CPU
		{FD530739-79EE-4A7C-BD3E-2E8FCCFD458A}.Debug|Any CPU.Build.0 = Debug|Any CPU
		{FD530739-79EE-4A7C-BD3E-2E8FCCFD458A}.Release|Any CPU.ActiveCfg = Release|Any CPU
		{FD530739-79EE-4A7C-BD3E-2E8FCCFD458A}.Release|Any CPU.Build.0 = Release|Any CPU
		{3CDEAE9A-99DC-43AB-B6D1-2C4BBA2A38AD}.Debug|Any CPU.ActiveCfg = Debug|Any CPU
		{3CDEAE9A-99DC-43AB-B6D1-2C4BBA2A38AD}.Debug|Any CPU.Build.0 = Debug|Any CPU
		{3CDEAE9A-99DC-43AB-B6D1-2C4BBA2A38AD}.Release|Any CPU.ActiveCfg = Release|Any CPU
		{3CDEAE9A-99DC-43AB-B6D1-2C4BBA2A38AD}.Release|Any CPU.Build.0 = Release|Any CPU
		{44A46092-5CD5-40A5-968A-32F611CF2342}.Debug|Any CPU.ActiveCfg = Debug|Any CPU
		{44A46092-5CD5-40A5-968A-32F611CF2342}.Debug|Any CPU.Build.0 = Debug|Any CPU
		{44A46092-5CD5-40A5-968A-32F611CF2342}.Release|Any CPU.ActiveCfg = Release|Any CPU
		{44A46092-5CD5-40A5-968A-32F611CF2342}.Release|Any CPU.Build.0 = Release|Any CPU
		{5A00FEF3-FDF3-4699-88D0-CB23465A7AE1}.Debug|Any CPU.ActiveCfg = Debug|Any CPU
		{5A00FEF3-FDF3-4699-88D0-CB23465A7AE1}.Debug|Any CPU.Build.0 = Debug|Any CPU
		{5A00FEF3-FDF3-4699-88D0-CB23465A7AE1}.Release|Any CPU.ActiveCfg = Release|Any CPU
		{5A00FEF3-FDF3-4699-88D0-CB23465A7AE1}.Release|Any CPU.Build.0 = Release|Any CPU
		{62951836-AD21-4FD5-A546-8CA43D86C193}.Debug|Any CPU.ActiveCfg = Debug|Any CPU
		{62951836-AD21-4FD5-A546-8CA43D86C193}.Debug|Any CPU.Build.0 = Debug|Any CPU
		{62951836-AD21-4FD5-A546-8CA43D86C193}.Release|Any CPU.ActiveCfg = Release|Any CPU
		{62951836-AD21-4FD5-A546-8CA43D86C193}.Release|Any CPU.Build.0 = Release|Any CPU
	EndGlobalSection
	GlobalSection(SolutionProperties) = preSolution
		HideSolutionNode = FALSE
	EndGlobalSection
	GlobalSection(ExtensibilityGlobals) = postSolution
		SolutionGuid = {C1ECABE9-91C6-4E04-8167-385EECA816DD}
	EndGlobalSection
EndGlobal
